
Microsoft Visual Studio Solution File, Format Version 12.00
# Visual Studio Version 17
VisualStudioVersion = 17.5.002.0
MinimumVisualStudioVersion = 10.0.40219.1
Project("{9A19103F-16F7-4668-BE54-9A1E7A4F7556}") = "ExemploExplorando", "ExemploExplorando.csproj", "{94E4F004-A840-4697-8506-E60CB55F449C}"
EndProject
Global
	GlobalSection(SolutionConfigurationPlatforms) = preSolution
		Debug|Any CPU = Debug|Any CPU
		Release|Any CPU = Release|Any CPU
	EndGlobalSection
	GlobalSection(ProjectConfigurationPlatforms) = postSolution
		{94E4F004-A840-4697-8506-E60CB55F449C}.Debug|Any CPU.ActiveCfg = Debug|Any CPU
		{94E4F004-A840-4697-8506-E60CB55F449C}.Debug|Any CPU.Build.0 = Debug|Any CPU
		{94E4F004-A840-4697-8506-E60CB55F449C}.Release|Any CPU.ActiveCfg = Release|Any CPU
		{94E4F004-A840-4697-8506-E60CB55F449C}.Release|Any CPU.Build.0 = Release|Any CPU
	EndGlobalSection
	GlobalSection(SolutionProperties) = preSolution
		HideSolutionNode = FALSE
	EndGlobalSection
	GlobalSection(ExtensibilityGlobals) = postSolution
		SolutionGuid = {3475BE0E-2DDC-40F5-899A-E887D9FD0D94}
	EndGlobalSection
EndGlobal
